// !$*UTF8*$!
{
	archiveVersion = 1;
	classes = {
	};
	objectVersion = 77;
	objects = {

/* Begin PBXBuildFile section */
		15D77BBF1ADD7EB62A76AEB3 /* WidgetPayload.swift in Sources */ = {isa = PBXBuildFile; fileRef = 1E0E62D1E2C95E7A429562F4 /* WidgetPayload.swift */; };
		21713526ED0EDCA31C94F0C5 /* ToolUseCard.swift in Sources */ = {isa = PBXBuildFile; fileRef = 0C27F1872770AD702CDF932B /* ToolUseCard.swift */; };
		217AEE1E61F0A7F48B0D8D35 /* DeFiPositionDetailSheet.swift in Sources */ = {isa = PBXBuildFile; fileRef = 26F8AE1EDEA366839225E904 /* DeFiPositionDetailSheet.swift */; };
		28D616CB1B068ED7582F9276 /* UserBubbleView.swift in Sources */ = {isa = PBXBuildFile; fileRef = 2BF2DA2A59E7830EBF38BD27 /* UserBubbleView.swift */; };
		2C2F40CD6F55B9386B15B912 /* AomiTests.swift in Sources */ = {isa = PBXBuildFile; fileRef = 2B07100BC8C4B603F199C97E /* AomiTests.swift */; };
		2C7262F668CB22EFEFE4D689 /* TransactionConfirmationWidget.swift in Sources */ = {isa = PBXBuildFile; fileRef = 6C338AE6D5080C8A57A9A990 /* TransactionConfirmationWidget.swift */; };
		3155A4A13E5CD90C29A26C0C /* PortfolioOverviewWidget.swift in Sources */ = {isa = PBXBuildFile; fileRef = A020D9F1094FA2867D0CD520 /* PortfolioOverviewWidget.swift */; };
		341EC89C9A1CBCE64A79AB97 /* ChatContent.swift in Sources */ = {isa = PBXBuildFile; fileRef = 9221814619F682AD2F819FC1 /* ChatContent.swift */; };
		392BD704ED742F7889B257A9 /* ChatViewModel.swift in Sources */ = {isa = PBXBuildFile; fileRef = A7D5384524D662B9D6788880 /* ChatViewModel.swift */; };
		3E1744AC6F9A743205AA8204 /* AppConfig.swift in Sources */ = {isa = PBXBuildFile; fileRef = 6D4DCFF657482DD3FE507CC4 /* AppConfig.swift */; };
		3F9E00CDF490657E3905EA7A /* PriceChartWidget.swift in Sources */ = {isa = PBXBuildFile; fileRef = 9F5252B5EC21F2E4C8A0A07E /* PriceChartWidget.swift */; };
		41068DF1A3AB4BB3A4B55744 /* HapticEngine.swift in Sources */ = {isa = PBXBuildFile; fileRef = 4F2FDE6A2B3809481BDF4BB7 /* HapticEngine.swift */; };
		44274DD2938265D67CEC57FB /* MarkdownUI in Frameworks */ = {isa = PBXBuildFile; productRef = B18EF27C0031907FFA251AB6 /* MarkdownUI */; };
		459D7F54B749315A487B2A3F /* ToolDetailSheet.swift in Sources */ = {isa = PBXBuildFile; fileRef = 90E018890150D2C4E5DC4E24 /* ToolDetailSheet.swift */; };
		4C47ECF66E79F7F2FAC7FCFA /* DeFiPositionWidget.swift in Sources */ = {isa = PBXBuildFile; fileRef = 5511105A37E45C941A4DC138 /* DeFiPositionWidget.swift */; };
		505DD62606464921D60EAF28 /* WalletEntry.swift in Sources */ = {isa = PBXBuildFile; fileRef = 3C02E15750A42C5D5EA22EC5 /* WalletEntry.swift */; };
		53310A991F5AFEB1C9D771C0 /* WalletViewModel.swift in Sources */ = {isa = PBXBuildFile; fileRef = 4E534253809626A251479F36 /* WalletViewModel.swift */; };
		558B359D6329261BA4103A65 /* ENSResolver.swift in Sources */ = {isa = PBXBuildFile; fileRef = E698AC1DC554812893AA4DD9 /* ENSResolver.swift */; };
		56B381E0D6B12544628F00C4 /* ChainConfig.swift in Sources */ = {isa = PBXBuildFile; fileRef = 10EFF7B1D0671E2AD19D6172 /* ChainConfig.swift */; };
		5806880FBD8ECDDF21B38E3B /* WelcomeView.swift in Sources */ = {isa = PBXBuildFile; fileRef = FDD15E2935A70E7EAB896AED /* WelcomeView.swift */; };
		5D9FBF29B6058E2D96ACD6D9 /* EthereumRPC.swift in Sources */ = {isa = PBXBuildFile; fileRef = 74124EAFE3C2739ECD9A10B3 /* EthereumRPC.swift */; };
		657E9C59B2AF46D88F60D728 /* WalletRowView.swift in Sources */ = {isa = PBXBuildFile; fileRef = 0A6A91F32294508655F86B82 /* WalletRowView.swift */; };
		6735D894AF6DE70720845274 /* AddWatchAddressView.swift in Sources */ = {isa = PBXBuildFile; fileRef = AEE5CBFE7682DE1715FB2101 /* AddWatchAddressView.swift */; };
		6C3E54B0587B231A0682588B /* SessionTitleGenerator.swift in Sources */ = {isa = PBXBuildFile; fileRef = 160AF96384F3F5CEC89ABFDD /* SessionTitleGenerator.swift */; };
		6DCC064B0B56274D6373F00D /* TokenBalanceWidget.swift in Sources */ = {isa = PBXBuildFile; fileRef = 96DB4DA24E27865E13AB95C5 /* TokenBalanceWidget.swift */; };
		7201FB723FF942F8D900244C /* ChatMessage.swift in Sources */ = {isa = PBXBuildFile; fileRef = 9D8BA0DC932549AD499D58D8 /* ChatMessage.swift */; };
		7AA9507423632B322A6D21BA /* ActivityFeedView.swift in Sources */ = {isa = PBXBuildFile; fileRef = 8B145485C503923470B64629 /* ActivityFeedView.swift */; };
		87CB42683B8E577B73EF5ABD /* AuthViewModel.swift in Sources */ = {isa = PBXBuildFile; fileRef = 4F8C53A03937DD105B2CE9DF /* AuthViewModel.swift */; };
		96BCC4541314930A78AFE589 /* PersistedChatSession.swift in Sources */ = {isa = PBXBuildFile; fileRef = 819A120CE663D3A0768B77B1 /* PersistedChatSession.swift */; };
		9BA9401E63DFD4673C043453 /* SessionRowView.swift in Sources */ = {isa = PBXBuildFile; fileRef = DFE415F2BF2A582E0ECD8468 /* SessionRowView.swift */; };
		9F5F6CA2BED2B6B722B9DC4D /* ModelsTests.swift in Sources */ = {isa = PBXBuildFile; fileRef = F60EEB39B6842B3986FDCBD7 /* ModelsTests.swift */; };
		AE1343BB6CD0FDCD061F6522 /* KeychainService.swift in Sources */ = {isa = PBXBuildFile; fileRef = 9CC963B6EA11D1ECE299176A /* KeychainService.swift */; };
		B06AFEA7C666C5BA23318728 /* ToolStepRow.swift in Sources */ = {isa = PBXBuildFile; fileRef = 6913DEF8870F8F2362AB9820 /* ToolStepRow.swift */; };
		B5135F0379063FD82EE8879E /* SessionListView.swift in Sources */ = {isa = PBXBuildFile; fileRef = 2C2497B51D128FE47B87A02A /* SessionListView.swift */; };
		B91EACDB34522BFB00DF5B6D /* AuthLoginView.swift in Sources */ = {isa = PBXBuildFile; fileRef = C85ABA8DEC945629E1587A07 /* AuthLoginView.swift */; };
		BBADD60A65694A470D8ECD21 /* ThinkingShimmerView.swift in Sources */ = {isa = PBXBuildFile; fileRef = C2CDC2872FA7C26EB8CC9FF3 /* ThinkingShimmerView.swift */; };
		C0F08EF94A8C0DF920E039B1 /* WalletManagementSheet.swift in Sources */ = {isa = PBXBuildFile; fileRef = 03887605FB2B6CA090C68312 /* WalletManagementSheet.swift */; };
		C33C03618ADE2EF31D15D9B1 /* AssistantMessageView.swift in Sources */ = {isa = PBXBuildFile; fileRef = 522615D8F7DA1D261DDA9E37 /* AssistantMessageView.swift */; };
		C49F9D5DC5B8945A2D164A8C /* AuthVerifyOTPView.swift in Sources */ = {isa = PBXBuildFile; fileRef = D4E0BC969E55331CA181BC0E /* AuthVerifyOTPView.swift */; };
		CAFC54ED8F196FA2D7D112A0 /* ChatMessageView.swift in Sources */ = {isa = PBXBuildFile; fileRef = 2EA95183686752E0757722CD /* ChatMessageView.swift */; };
		CF87247E9EBFA1BC3D21782F /* Assets.xcassets in Resources */ = {isa = PBXBuildFile; fileRef = A29734AED798A2300647D1C0 /* Assets.xcassets */; };
		D2B1B12B90C13BE6913DDD99 /* APIClientTests.swift in Sources */ = {isa = PBXBuildFile; fileRef = 3BFE11F3814D521FB5DE463D /* APIClientTests.swift */; };
		D32E2E7ACA0DF7EECF72D619 /* WalletPromptCard.swift in Sources */ = {isa = PBXBuildFile; fileRef = 0AEDC4573E7834ACB51C3397 /* WalletPromptCard.swift */; };
		D3C50C0051FAB515C300999A /* JSONValue.swift in Sources */ = {isa = PBXBuildFile; fileRef = 8BAFC30E410801AA54B68AE7 /* JSONValue.swift */; };
		D939B64CAE4D498EAF4BC99C /* AuthStyles.swift in Sources */ = {isa = PBXBuildFile; fileRef = E8407B7DF1156CB57381A91B /* AuthStyles.swift */; };
		DFA0B102788697CB6CF40939 /* AomiApp.swift in Sources */ = {isa = PBXBuildFile; fileRef = D8A9BD0CD688BDAE30FC2502 /* AomiApp.swift */; };
		DFE638DAD2C45BB864A90E78 /* WidgetRenderer.swift in Sources */ = {isa = PBXBuildFile; fileRef = F62208E5B76F966862CB9C02 /* WidgetRenderer.swift */; };
		E5CDE7C1625DF3A32BDD6676 /* SessionListViewModel.swift in Sources */ = {isa = PBXBuildFile; fileRef = D90740BCC518788DFF10C2C3 /* SessionListViewModel.swift */; };
		EAFF2ED18EEF50E91A046491 /* ChatView.swift in Sources */ = {isa = PBXBuildFile; fileRef = DBC5E12AD36D63E209377A34 /* ChatView.swift */; };
		F08F00E35122E683D7906851 /* AomiAPIClient.swift in Sources */ = {isa = PBXBuildFile; fileRef = 7D0AF2161DFA9F066F6C5FD2 /* AomiAPIClient.swift */; };
		F3BCF75960819DF9DBA0DD74 /* ParaWalletService.swift in Sources */ = {isa = PBXBuildFile; fileRef = B2E8A3F5DF86C3F8991BF249 /* ParaWalletService.swift */; };
		F5237E7C75E9F7A24DD589F1 /* APITypes.swift in Sources */ = {isa = PBXBuildFile; fileRef = 751A1062D6270F042A13DA89 /* APITypes.swift */; };
		F67D864363BB67C756CB4D01 /* ChatInputBar.swift in Sources */ = {isa = PBXBuildFile; fileRef = 5D58D4AE77ED34DD5C9D692E /* ChatInputBar.swift */; };
		FF695D211F5751954E3ABA93 /* ParaSwift in Frameworks */ = {isa = PBXBuildFile; productRef = 65AD6AC37F9834BA3FEEFA8B /* ParaSwift */; };
/* End PBXBuildFile section */

/* Begin PBXContainerItemProxy section */
		A2BD061CF8A76DFDD594CF5A /* PBXContainerItemProxy */ = {
			isa = PBXContainerItemProxy;
			containerPortal = E8C3B0D189870EEBA3D9EBE4 /* Project object */;
			proxyType = 1;
			remoteGlobalIDString = 97D8F11F443FA1A02583907C;
			remoteInfo = Aomi;
		};
/* End PBXContainerItemProxy section */

/* Begin PBXFileReference section */
		03887605FB2B6CA090C68312 /* WalletManagementSheet.swift */ = {isa = PBXFileReference; lastKnownFileType = sourcecode.swift; path = WalletManagementSheet.swift; sourceTree = "<group>"; };
		0A6A91F32294508655F86B82 /* WalletRowView.swift */ = {isa = PBXFileReference; lastKnownFileType = sourcecode.swift; path = WalletRowView.swift; sourceTree = "<group>"; };
		0AEDC4573E7834ACB51C3397 /* WalletPromptCard.swift */ = {isa = PBXFileReference; lastKnownFileType = sourcecode.swift; path = WalletPromptCard.swift; sourceTree = "<group>"; };
		0C27F1872770AD702CDF932B /* ToolUseCard.swift */ = {isa = PBXFileReference; lastKnownFileType = sourcecode.swift; path = ToolUseCard.swift; sourceTree = "<group>"; };
		10EFF7B1D0671E2AD19D6172 /* ChainConfig.swift */ = {isa = PBXFileReference; lastKnownFileType = sourcecode.swift; path = ChainConfig.swift; sourceTree = "<group>"; };
		160AF96384F3F5CEC89ABFDD /* SessionTitleGenerator.swift */ = {isa = PBXFileReference; lastKnownFileType = sourcecode.swift; path = SessionTitleGenerator.swift; sourceTree = "<group>"; };
		1E0E62D1E2C95E7A429562F4 /* WidgetPayload.swift */ = {isa = PBXFileReference; lastKnownFileType = sourcecode.swift; path = WidgetPayload.swift; sourceTree = "<group>"; };
		26F8AE1EDEA366839225E904 /* DeFiPositionDetailSheet.swift */ = {isa = PBXFileReference; lastKnownFileType = sourcecode.swift; path = DeFiPositionDetailSheet.swift; sourceTree = "<group>"; };
		27448EFCEA2C2C13F227215E /* AomiTests.xctest */ = {isa = PBXFileReference; includeInIndex = 0; lastKnownFileType = wrapper.cfbundle; path = AomiTests.xctest; sourceTree = BUILT_PRODUCTS_DIR; };
		2B07100BC8C4B603F199C97E /* AomiTests.swift */ = {isa = PBXFileReference; lastKnownFileType = sourcecode.swift; path = AomiTests.swift; sourceTree = "<group>"; };
		2BF2DA2A59E7830EBF38BD27 /* UserBubbleView.swift */ = {isa = PBXFileReference; lastKnownFileType = sourcecode.swift; path = UserBubbleView.swift; sourceTree = "<group>"; };
		2C2497B51D128FE47B87A02A /* SessionListView.swift */ = {isa = PBXFileReference; lastKnownFileType = sourcecode.swift; path = SessionListView.swift; sourceTree = "<group>"; };
		2EA95183686752E0757722CD /* ChatMessageView.swift */ = {isa = PBXFileReference; lastKnownFileType = sourcecode.swift; path = ChatMessageView.swift; sourceTree = "<group>"; };
		3BFE11F3814D521FB5DE463D /* APIClientTests.swift */ = {isa = PBXFileReference; lastKnownFileType = sourcecode.swift; path = APIClientTests.swift; sourceTree = "<group>"; };
		3C02E15750A42C5D5EA22EC5 /* WalletEntry.swift */ = {isa = PBXFileReference; lastKnownFileType = sourcecode.swift; path = WalletEntry.swift; sourceTree = "<group>"; };
		4E534253809626A251479F36 /* WalletViewModel.swift */ = {isa = PBXFileReference; lastKnownFileType = sourcecode.swift; path = WalletViewModel.swift; sourceTree = "<group>"; };
		4F2FDE6A2B3809481BDF4BB7 /* HapticEngine.swift */ = {isa = PBXFileReference; lastKnownFileType = sourcecode.swift; path = HapticEngine.swift; sourceTree = "<group>"; };
		4F8C53A03937DD105B2CE9DF /* AuthViewModel.swift */ = {isa = PBXFileReference; lastKnownFileType = sourcecode.swift; path = AuthViewModel.swift; sourceTree = "<group>"; };
		522615D8F7DA1D261DDA9E37 /* AssistantMessageView.swift */ = {isa = PBXFileReference; lastKnownFileType = sourcecode.swift; path = AssistantMessageView.swift; sourceTree = "<group>"; };
		5511105A37E45C941A4DC138 /* DeFiPositionWidget.swift */ = {isa = PBXFileReference; lastKnownFileType = sourcecode.swift; path = DeFiPositionWidget.swift; sourceTree = "<group>"; };
		5D58D4AE77ED34DD5C9D692E /* ChatInputBar.swift */ = {isa = PBXFileReference; lastKnownFileType = sourcecode.swift; path = ChatInputBar.swift; sourceTree = "<group>"; };
		6913DEF8870F8F2362AB9820 /* ToolStepRow.swift */ = {isa = PBXFileReference; lastKnownFileType = sourcecode.swift; path = ToolStepRow.swift; sourceTree = "<group>"; };
		6C338AE6D5080C8A57A9A990 /* TransactionConfirmationWidget.swift */ = {isa = PBXFileReference; lastKnownFileType = sourcecode.swift; path = TransactionConfirmationWidget.swift; sourceTree = "<group>"; };
		6D4DCFF657482DD3FE507CC4 /* AppConfig.swift */ = {isa = PBXFileReference; lastKnownFileType = sourcecode.swift; path = AppConfig.swift; sourceTree = "<group>"; };
		74124EAFE3C2739ECD9A10B3 /* EthereumRPC.swift */ = {isa = PBXFileReference; lastKnownFileType = sourcecode.swift; path = EthereumRPC.swift; sourceTree = "<group>"; };
		751A1062D6270F042A13DA89 /* APITypes.swift */ = {isa = PBXFileReference; lastKnownFileType = sourcecode.swift; path = APITypes.swift; sourceTree = "<group>"; };
		7A10CC510B01A04C02B979E8 /* Aomi.app */ = {isa = PBXFileReference; includeInIndex = 0; lastKnownFileType = wrapper.application; path = Aomi.app; sourceTree = BUILT_PRODUCTS_DIR; };
		7D0AF2161DFA9F066F6C5FD2 /* AomiAPIClient.swift */ = {isa = PBXFileReference; lastKnownFileType = sourcecode.swift; path = AomiAPIClient.swift; sourceTree = "<group>"; };
		819A120CE663D3A0768B77B1 /* PersistedChatSession.swift */ = {isa = PBXFileReference; lastKnownFileType = sourcecode.swift; path = PersistedChatSession.swift; sourceTree = "<group>"; };
		8B145485C503923470B64629 /* ActivityFeedView.swift */ = {isa = PBXFileReference; lastKnownFileType = sourcecode.swift; path = ActivityFeedView.swift; sourceTree = "<group>"; };
		8BAFC30E410801AA54B68AE7 /* JSONValue.swift */ = {isa = PBXFileReference; lastKnownFileType = sourcecode.swift; path = JSONValue.swift; sourceTree = "<group>"; };
		90E018890150D2C4E5DC4E24 /* ToolDetailSheet.swift */ = {isa = PBXFileReference; lastKnownFileType = sourcecode.swift; path = ToolDetailSheet.swift; sourceTree = "<group>"; };
		9221814619F682AD2F819FC1 /* ChatContent.swift */ = {isa = PBXFileReference; lastKnownFileType = sourcecode.swift; path = ChatContent.swift; sourceTree = "<group>"; };
		96DB4DA24E27865E13AB95C5 /* TokenBalanceWidget.swift */ = {isa = PBXFileReference; lastKnownFileType = sourcecode.swift; path = TokenBalanceWidget.swift; sourceTree = "<group>"; };
		9CC963B6EA11D1ECE299176A /* KeychainService.swift */ = {isa = PBXFileReference; lastKnownFileType = sourcecode.swift; path = KeychainService.swift; sourceTree = "<group>"; };
		9D8BA0DC932549AD499D58D8 /* ChatMessage.swift */ = {isa = PBXFileReference; lastKnownFileType = sourcecode.swift; path = ChatMessage.swift; sourceTree = "<group>"; };
		9F5252B5EC21F2E4C8A0A07E /* PriceChartWidget.swift */ = {isa = PBXFileReference; lastKnownFileType = sourcecode.swift; path = PriceChartWidget.swift; sourceTree = "<group>"; };
		A020D9F1094FA2867D0CD520 /* PortfolioOverviewWidget.swift */ = {isa = PBXFileReference; lastKnownFileType = sourcecode.swift; path = PortfolioOverviewWidget.swift; sourceTree = "<group>"; };
		A29734AED798A2300647D1C0 /* Assets.xcassets */ = {isa = PBXFileReference; lastKnownFileType = folder.assetcatalog; path = Assets.xcassets; sourceTree = "<group>"; };
		A7D5384524D662B9D6788880 /* ChatViewModel.swift */ = {isa = PBXFileReference; lastKnownFileType = sourcecode.swift; path = ChatViewModel.swift; sourceTree = "<group>"; };
		A887BBBB69DC9CBCEE3EB2A1 /* Info.plist */ = {isa = PBXFileReference; lastKnownFileType = text.plist; path = Info.plist; sourceTree = "<group>"; };
		AEAE4B5C2C6D971CCDFD4EAA /* Aomi.entitlements */ = {isa = PBXFileReference; lastKnownFileType = text.plist.entitlements; path = Aomi.entitlements; sourceTree = "<group>"; };
		AEE5CBFE7682DE1715FB2101 /* AddWatchAddressView.swift */ = {isa = PBXFileReference; lastKnownFileType = sourcecode.swift; path = AddWatchAddressView.swift; sourceTree = "<group>"; };
		B2E8A3F5DF86C3F8991BF249 /* ParaWalletService.swift */ = {isa = PBXFileReference; lastKnownFileType = sourcecode.swift; path = ParaWalletService.swift; sourceTree = "<group>"; };
		C2CDC2872FA7C26EB8CC9FF3 /* ThinkingShimmerView.swift */ = {isa = PBXFileReference; lastKnownFileType = sourcecode.swift; path = ThinkingShimmerView.swift; sourceTree = "<group>"; };
		C85ABA8DEC945629E1587A07 /* AuthLoginView.swift */ = {isa = PBXFileReference; lastKnownFileType = sourcecode.swift; path = AuthLoginView.swift; sourceTree = "<group>"; };
		D4E0BC969E55331CA181BC0E /* AuthVerifyOTPView.swift */ = {isa = PBXFileReference; lastKnownFileType = sourcecode.swift; path = AuthVerifyOTPView.swift; sourceTree = "<group>"; };
		D8A9BD0CD688BDAE30FC2502 /* AomiApp.swift */ = {isa = PBXFileReference; lastKnownFileType = sourcecode.swift; path = AomiApp.swift; sourceTree = "<group>"; };
		D90740BCC518788DFF10C2C3 /* SessionListViewModel.swift */ = {isa = PBXFileReference; lastKnownFileType = sourcecode.swift; path = SessionListViewModel.swift; sourceTree = "<group>"; };
		DBC5E12AD36D63E209377A34 /* ChatView.swift */ = {isa = PBXFileReference; lastKnownFileType = sourcecode.swift; path = ChatView.swift; sourceTree = "<group>"; };
		DFE415F2BF2A582E0ECD8468 /* SessionRowView.swift */ = {isa = PBXFileReference; lastKnownFileType = sourcecode.swift; path = SessionRowView.swift; sourceTree = "<group>"; };
		E698AC1DC554812893AA4DD9 /* ENSResolver.swift */ = {isa = PBXFileReference; lastKnownFileType = sourcecode.swift; path = ENSResolver.swift; sourceTree = "<group>"; };
		E8407B7DF1156CB57381A91B /* AuthStyles.swift */ = {isa = PBXFileReference; lastKnownFileType = sourcecode.swift; path = AuthStyles.swift; sourceTree = "<group>"; };
		F60EEB39B6842B3986FDCBD7 /* ModelsTests.swift */ = {isa = PBXFileReference; lastKnownFileType = sourcecode.swift; path = ModelsTests.swift; sourceTree = "<group>"; };
		F62208E5B76F966862CB9C02 /* WidgetRenderer.swift */ = {isa = PBXFileReference; lastKnownFileType = sourcecode.swift; path = WidgetRenderer.swift; sourceTree = "<group>"; };
		FDD15E2935A70E7EAB896AED /* WelcomeView.swift */ = {isa = PBXFileReference; lastKnownFileType = sourcecode.swift; path = WelcomeView.swift; sourceTree = "<group>"; };
/* End PBXFileReference section */

/* Begin PBXFrameworksBuildPhase section */
		B1EBF662B44A4FE9A86CEBC4 /* Frameworks */ = {
			isa = PBXFrameworksBuildPhase;
			buildActionMask = 2147483647;
			files = (
				FF695D211F5751954E3ABA93 /* ParaSwift in Frameworks */,
				44274DD2938265D67CEC57FB /* MarkdownUI in Frameworks */,
			);
			runOnlyForDeploymentPostprocessing = 0;
		};
/* End PBXFrameworksBuildPhase section */

/* Begin PBXGroup section */
		123B5B04825A8BE7496D3F70 /* Wallet */ = {
			isa = PBXGroup;
			children = (
				AEE5CBFE7682DE1715FB2101 /* AddWatchAddressView.swift */,
				03887605FB2B6CA090C68312 /* WalletManagementSheet.swift */,
				0A6A91F32294508655F86B82 /* WalletRowView.swift */,
			);
			path = Wallet;
			sourceTree = "<group>";
		};
		1E046E9DB03F602F073EC49F = {
			isa = PBXGroup;
			children = (
				28E5FA10E5A8BD43A15B59BE /* Aomi */,
				CC54E2433FBB0478F46DA9C6 /* AomiTests */,
				5353CACC99718650CEFC193E /* Products */,
			);
			sourceTree = "<group>";
		};
		20A7DDFB472877F0389AEE11 /* Onboarding */ = {
			isa = PBXGroup;
			children = (
				C85ABA8DEC945629E1587A07 /* AuthLoginView.swift */,
				D4E0BC969E55331CA181BC0E /* AuthVerifyOTPView.swift */,
				0AEDC4573E7834ACB51C3397 /* WalletPromptCard.swift */,
				FDD15E2935A70E7EAB896AED /* WelcomeView.swift */,
			);
			path = Onboarding;
			sourceTree = "<group>";
		};
		28E5FA10E5A8BD43A15B59BE /* Aomi */ = {
			isa = PBXGroup;
			children = (
				AEAE4B5C2C6D971CCDFD4EAA /* Aomi.entitlements */,
				A29734AED798A2300647D1C0 /* Assets.xcassets */,
				A887BBBB69DC9CBCEE3EB2A1 /* Info.plist */,
				A76E5F0C27B53503143E40D5 /* App */,
				F33D4E6EDC0DF40EA623EF6F /* Models */,
				70D02C38A6A6C515E3A3EDA8 /* Services */,
				E4D29B58884567E35D478A98 /* Utilities */,
				496E550A2D0EB53C6286B1F5 /* ViewModels */,
				66CFEAF9A1312757DB11D492 /* Views */,
			);
			path = Aomi;
			sourceTree = "<group>";
		};
		43E9B94316445A6528724056 /* Persistence */ = {
			isa = PBXGroup;
			children = (
				819A120CE663D3A0768B77B1 /* PersistedChatSession.swift */,
				3C02E15750A42C5D5EA22EC5 /* WalletEntry.swift */,
			);
			path = Persistence;
			sourceTree = "<group>";
		};
		496E550A2D0EB53C6286B1F5 /* ViewModels */ = {
			isa = PBXGroup;
			children = (
				4F8C53A03937DD105B2CE9DF /* AuthViewModel.swift */,
				A7D5384524D662B9D6788880 /* ChatViewModel.swift */,
				D90740BCC518788DFF10C2C3 /* SessionListViewModel.swift */,
				4E534253809626A251479F36 /* WalletViewModel.swift */,
			);
			path = ViewModels;
			sourceTree = "<group>";
		};
		52B73ABA466C984C16A73BAC /* Widgets */ = {
			isa = PBXGroup;
			children = (
				26F8AE1EDEA366839225E904 /* DeFiPositionDetailSheet.swift */,
				5511105A37E45C941A4DC138 /* DeFiPositionWidget.swift */,
				A020D9F1094FA2867D0CD520 /* PortfolioOverviewWidget.swift */,
				9F5252B5EC21F2E4C8A0A07E /* PriceChartWidget.swift */,
				96DB4DA24E27865E13AB95C5 /* TokenBalanceWidget.swift */,
				6C338AE6D5080C8A57A9A990 /* TransactionConfirmationWidget.swift */,
				F62208E5B76F966862CB9C02 /* WidgetRenderer.swift */,
			);
			path = Widgets;
			sourceTree = "<group>";
		};
		5353CACC99718650CEFC193E /* Products */ = {
			isa = PBXGroup;
			children = (
				7A10CC510B01A04C02B979E8 /* Aomi.app */,
				27448EFCEA2C2C13F227215E /* AomiTests.xctest */,
			);
			name = Products;
			sourceTree = "<group>";
		};
		5CBCCF5A233A52C28036BFB6 /* Chat */ = {
			isa = PBXGroup;
			children = (
				522615D8F7DA1D261DDA9E37 /* AssistantMessageView.swift */,
				5D58D4AE77ED34DD5C9D692E /* ChatInputBar.swift */,
				2EA95183686752E0757722CD /* ChatMessageView.swift */,
				DBC5E12AD36D63E209377A34 /* ChatView.swift */,
				C2CDC2872FA7C26EB8CC9FF3 /* ThinkingShimmerView.swift */,
				90E018890150D2C4E5DC4E24 /* ToolDetailSheet.swift */,
				6913DEF8870F8F2362AB9820 /* ToolStepRow.swift */,
				2BF2DA2A59E7830EBF38BD27 /* UserBubbleView.swift */,
				52B73ABA466C984C16A73BAC /* Widgets */,
			);
			path = Chat;
			sourceTree = "<group>";
		};
		66CFEAF9A1312757DB11D492 /* Views */ = {
			isa = PBXGroup;
			children = (
				8AB38E422AE663ADC0E3869D /* Activity */,
				5CBCCF5A233A52C28036BFB6 /* Chat */,
				8D70061FCE812E5053E15590 /* Common */,
				20A7DDFB472877F0389AEE11 /* Onboarding */,
				B535A9DB78F6BB8F541795E4 /* SessionList */,
				123B5B04825A8BE7496D3F70 /* Wallet */,
			);
			path = Views;
			sourceTree = "<group>";
		};
		70D02C38A6A6C515E3A3EDA8 /* Services */ = {
			isa = PBXGroup;
			children = (
				7D0AF2161DFA9F066F6C5FD2 /* AomiAPIClient.swift */,
				E698AC1DC554812893AA4DD9 /* ENSResolver.swift */,
				74124EAFE3C2739ECD9A10B3 /* EthereumRPC.swift */,
				4F2FDE6A2B3809481BDF4BB7 /* HapticEngine.swift */,
				9CC963B6EA11D1ECE299176A /* KeychainService.swift */,
				B2E8A3F5DF86C3F8991BF249 /* ParaWalletService.swift */,
				160AF96384F3F5CEC89ABFDD /* SessionTitleGenerator.swift */,
			);
			path = Services;
			sourceTree = "<group>";
		};
		8AB38E422AE663ADC0E3869D /* Activity */ = {
			isa = PBXGroup;
			children = (
				8B145485C503923470B64629 /* ActivityFeedView.swift */,
			);
			path = Activity;
			sourceTree = "<group>";
		};
		8D70061FCE812E5053E15590 /* Common */ = {
			isa = PBXGroup;
			children = (
				E8407B7DF1156CB57381A91B /* AuthStyles.swift */,
			);
			path = Common;
			sourceTree = "<group>";
		};
		A76E5F0C27B53503143E40D5 /* App */ = {
			isa = PBXGroup;
			children = (
				D8A9BD0CD688BDAE30FC2502 /* AomiApp.swift */,
				6D4DCFF657482DD3FE507CC4 /* AppConfig.swift */,
				10EFF7B1D0671E2AD19D6172 /* ChainConfig.swift */,
			);
			path = App;
			sourceTree = "<group>";
		};
		B535A9DB78F6BB8F541795E4 /* SessionList */ = {
			isa = PBXGroup;
			children = (
				2C2497B51D128FE47B87A02A /* SessionListView.swift */,
				DFE415F2BF2A582E0ECD8468 /* SessionRowView.swift */,
			);
			path = SessionList;
			sourceTree = "<group>";
		};
		CC54E2433FBB0478F46DA9C6 /* AomiTests */ = {
			isa = PBXGroup;
			children = (
				2B07100BC8C4B603F199C97E /* AomiTests.swift */,
				3BFE11F3814D521FB5DE463D /* APIClientTests.swift */,
				F60EEB39B6842B3986FDCBD7 /* ModelsTests.swift */,
			);
			path = AomiTests;
			sourceTree = "<group>";
		};
		E4D29B58884567E35D478A98 /* Utilities */ = {
			isa = PBXGroup;
			children = (
				8BAFC30E410801AA54B68AE7 /* JSONValue.swift */,
			);
			path = Utilities;
			sourceTree = "<group>";
		};
		F33D4E6EDC0DF40EA623EF6F /* Models */ = {
			isa = PBXGroup;
			children = (
				751A1062D6270F042A13DA89 /* APITypes.swift */,
				9221814619F682AD2F819FC1 /* ChatContent.swift */,
				9D8BA0DC932549AD499D58D8 /* ChatMessage.swift */,
				0C27F1872770AD702CDF932B /* ToolUseCard.swift */,
				1E0E62D1E2C95E7A429562F4 /* WidgetPayload.swift */,
				43E9B94316445A6528724056 /* Persistence */,
			);
			path = Models;
			sourceTree = "<group>";
		};
/* End PBXGroup section */

/* Begin PBXNativeTarget section */
		8FD980B3E6F1081805FD196F /* AomiTests */ = {
			isa = PBXNativeTarget;
			buildConfigurationList = 3590D54D1BC17724875E54B1 /* Build configuration list for PBXNativeTarget "AomiTests" */;
			buildPhases = (
				5A6B2D861E6208C243E92EB3 /* Sources */,
			);
			buildRules = (
			);
			dependencies = (
				F58CF202C677D44A7991F3E3 /* PBXTargetDependency */,
			);
			name = AomiTests;
			packageProductDependencies = (
			);
			productName = AomiTests;
			productReference = 27448EFCEA2C2C13F227215E /* AomiTests.xctest */;
			productType = "com.apple.product-type.bundle.unit-test";
		};
		97D8F11F443FA1A02583907C /* Aomi */ = {
			isa = PBXNativeTarget;
			buildConfigurationList = 7C9D3EEFF0F8DFCABCB793D5 /* Build configuration list for PBXNativeTarget "Aomi" */;
			buildPhases = (
				87D400EDF670133BF2143268 /* Sources */,
				46335F0BCDB613E3B710EC20 /* Resources */,
				B1EBF662B44A4FE9A86CEBC4 /* Frameworks */,
			);
			buildRules = (
			);
			dependencies = (
			);
			name = Aomi;
			packageProductDependencies = (
				65AD6AC37F9834BA3FEEFA8B /* ParaSwift */,
				B18EF27C0031907FFA251AB6 /* MarkdownUI */,
			);
			productName = Aomi;
			productReference = 7A10CC510B01A04C02B979E8 /* Aomi.app */;
			productType = "com.apple.product-type.application";
		};
/* End PBXNativeTarget section */

/* Begin PBXProject section */
		E8C3B0D189870EEBA3D9EBE4 /* Project object */ = {
			isa = PBXProject;
			attributes = {
				BuildIndependentTargetsInParallel = YES;
				LastUpgradeCheck = 1600;
				TargetAttributes = {
					8FD980B3E6F1081805FD196F = {
						DevelopmentTeam = KXSWJN7WY8;
					};
					97D8F11F443FA1A02583907C = {
						DevelopmentTeam = KXSWJN7WY8;
					};
				};
			};
			buildConfigurationList = BD304DD0F0904BB3E33F81FB /* Build configuration list for PBXProject "Aomi" */;
			compatibilityVersion = "Xcode 14.0";
			developmentRegion = en;
			hasScannedForEncodings = 0;
			knownRegions = (
				Base,
				en,
			);
			mainGroup = 1E046E9DB03F602F073EC49F;
			minimizedProjectReferenceProxies = 1;
			packageReferences = (
				EB2D71CA180C925F326A7EA4 /* XCRemoteSwiftPackageReference "swift-markdown-ui" */,
				85B7D3B65611CD5401E2E40E /* XCRemoteSwiftPackageReference "swift-sdk" */,
			);
			preferredProjectObjectVersion = 77;
			projectDirPath = "";
			projectRoot = "";
			targets = (
				97D8F11F443FA1A02583907C /* Aomi */,
				8FD980B3E6F1081805FD196F /* AomiTests */,
			);
		};
/* End PBXProject section */

/* Begin PBXResourcesBuildPhase section */
		46335F0BCDB613E3B710EC20 /* Resources */ = {
			isa = PBXResourcesBuildPhase;
			buildActionMask = 2147483647;
			files = (
				CF87247E9EBFA1BC3D21782F /* Assets.xcassets in Resources */,
			);
			runOnlyForDeploymentPostprocessing = 0;
		};
/* End PBXResourcesBuildPhase section */

/* Begin PBXSourcesBuildPhase section */
		5A6B2D861E6208C243E92EB3 /* Sources */ = {
			isa = PBXSourcesBuildPhase;
			buildActionMask = 2147483647;
			files = (
				D2B1B12B90C13BE6913DDD99 /* APIClientTests.swift in Sources */,
				2C2F40CD6F55B9386B15B912 /* AomiTests.swift in Sources */,
				9F5F6CA2BED2B6B722B9DC4D /* ModelsTests.swift in Sources */,
			);
			runOnlyForDeploymentPostprocessing = 0;
		};
		87D400EDF670133BF2143268 /* Sources */ = {
			isa = PBXSourcesBuildPhase;
			buildActionMask = 2147483647;
			files = (
				F5237E7C75E9F7A24DD589F1 /* APITypes.swift in Sources */,
				7AA9507423632B322A6D21BA /* ActivityFeedView.swift in Sources */,
				6735D894AF6DE70720845274 /* AddWatchAddressView.swift in Sources */,
				F08F00E35122E683D7906851 /* AomiAPIClient.swift in Sources */,
				DFA0B102788697CB6CF40939 /* AomiApp.swift in Sources */,
				3E1744AC6F9A743205AA8204 /* AppConfig.swift in Sources */,
				C33C03618ADE2EF31D15D9B1 /* AssistantMessageView.swift in Sources */,
				B91EACDB34522BFB00DF5B6D /* AuthLoginView.swift in Sources */,
				D939B64CAE4D498EAF4BC99C /* AuthStyles.swift in Sources */,
				C49F9D5DC5B8945A2D164A8C /* AuthVerifyOTPView.swift in Sources */,
				87CB42683B8E577B73EF5ABD /* AuthViewModel.swift in Sources */,
				56B381E0D6B12544628F00C4 /* ChainConfig.swift in Sources */,
				341EC89C9A1CBCE64A79AB97 /* ChatContent.swift in Sources */,
				F67D864363BB67C756CB4D01 /* ChatInputBar.swift in Sources */,
				7201FB723FF942F8D900244C /* ChatMessage.swift in Sources */,
				CAFC54ED8F196FA2D7D112A0 /* ChatMessageView.swift in Sources */,
				EAFF2ED18EEF50E91A046491 /* ChatView.swift in Sources */,
				392BD704ED742F7889B257A9 /* ChatViewModel.swift in Sources */,
				217AEE1E61F0A7F48B0D8D35 /* DeFiPositionDetailSheet.swift in Sources */,
				4C47ECF66E79F7F2FAC7FCFA /* DeFiPositionWidget.swift in Sources */,
				558B359D6329261BA4103A65 /* ENSResolver.swift in Sources */,
				5D9FBF29B6058E2D96ACD6D9 /* EthereumRPC.swift in Sources */,
				41068DF1A3AB4BB3A4B55744 /* HapticEngine.swift in Sources */,
				D3C50C0051FAB515C300999A /* JSONValue.swift in Sources */,
				AE1343BB6CD0FDCD061F6522 /* KeychainService.swift in Sources */,
				F3BCF75960819DF9DBA0DD74 /* ParaWalletService.swift in Sources */,
				96BCC4541314930A78AFE589 /* PersistedChatSession.swift in Sources */,
				3155A4A13E5CD90C29A26C0C /* PortfolioOverviewWidget.swift in Sources */,
				3F9E00CDF490657E3905EA7A /* PriceChartWidget.swift in Sources */,
				B5135F0379063FD82EE8879E /* SessionListView.swift in Sources */,
				E5CDE7C1625DF3A32BDD6676 /* SessionListViewModel.swift in Sources */,
				9BA9401E63DFD4673C043453 /* SessionRowView.swift in Sources */,
				6C3E54B0587B231A0682588B /* SessionTitleGenerator.swift in Sources */,
				BBADD60A65694A470D8ECD21 /* ThinkingShimmerView.swift in Sources */,
				6DCC064B0B56274D6373F00D /* TokenBalanceWidget.swift in Sources */,
				459D7F54B749315A487B2A3F /* ToolDetailSheet.swift in Sources */,
				B06AFEA7C666C5BA23318728 /* ToolStepRow.swift in Sources */,
				21713526ED0EDCA31C94F0C5 /* ToolUseCard.swift in Sources */,
				2C7262F668CB22EFEFE4D689 /* TransactionConfirmationWidget.swift in Sources */,
				28D616CB1B068ED7582F9276 /* UserBubbleView.swift in Sources */,
				505DD62606464921D60EAF28 /* WalletEntry.swift in Sources */,
				C0F08EF94A8C0DF920E039B1 /* WalletManagementSheet.swift in Sources */,
				D32E2E7ACA0DF7EECF72D619 /* WalletPromptCard.swift in Sources */,
				657E9C59B2AF46D88F60D728 /* WalletRowView.swift in Sources */,
				53310A991F5AFEB1C9D771C0 /* WalletViewModel.swift in Sources */,
				5806880FBD8ECDDF21B38E3B /* WelcomeView.swift in Sources */,
				15D77BBF1ADD7EB62A76AEB3 /* WidgetPayload.swift in Sources */,
				DFE638DAD2C45BB864A90E78 /* WidgetRenderer.swift in Sources */,
			);
			runOnlyForDeploymentPostprocessing = 0;
		};
/* End PBXSourcesBuildPhase section */

/* Begin PBXTargetDependency section */
		F58CF202C677D44A7991F3E3 /* PBXTargetDependency */ = {
			isa = PBXTargetDependency;
			target = 97D8F11F443FA1A02583907C /* Aomi */;
			targetProxy = A2BD061CF8A76DFDD594CF5A /* PBXContainerItemProxy */;
		};
/* End PBXTargetDependency section */

/* Begin XCBuildConfiguration section */
		002330F13F93FC576D7C72EC /* Release */ = {
			isa = XCBuildConfiguration;
			buildSettings = {
				ALWAYS_SEARCH_USER_PATHS = NO;
				CLANG_ANALYZER_NONNULL = YES;
				CLANG_ANALYZER_NUMBER_OBJECT_CONVERSION = YES_AGGRESSIVE;
				CLANG_CXX_LANGUAGE_STANDARD = "gnu++14";
				CLANG_CXX_LIBRARY = "libc++";
				CLANG_ENABLE_MODULES = YES;
				CLANG_ENABLE_OBJC_ARC = YES;
				CLANG_ENABLE_OBJC_WEAK = YES;
				CLANG_WARN_BLOCK_CAPTURE_AUTORELEASING = YES;
				CLANG_WARN_BOOL_CONVERSION = YES;
				CLANG_WARN_COMMA = YES;
				CLANG_WARN_CONSTANT_CONVERSION = YES;
				CLANG_WARN_DEPRECATED_OBJC_IMPLEMENTATIONS = YES;
				CLANG_WARN_DIRECT_OBJC_ISA_USAGE = YES_ERROR;
				CLANG_WARN_DOCUMENTATION_COMMENTS = YES;
				CLANG_WARN_EMPTY_BODY = YES;
				CLANG_WARN_ENUM_CONVERSION = YES;
				CLANG_WARN_INFINITE_RECURSION = YES;
				CLANG_WARN_INT_CONVERSION = YES;
				CLANG_WARN_NON_LITERAL_NULL_CONVERSION = YES;
				CLANG_WARN_OBJC_IMPLICIT_RETAIN_SELF = YES;
				CLANG_WARN_OBJC_LITERAL_CONVERSION = YES;
				CLANG_WARN_OBJC_ROOT_CLASS = YES_ERROR;
				CLANG_WARN_QUOTED_INCLUDE_IN_FRAMEWORK_HEADER = YES;
				CLANG_WARN_RANGE_LOOP_ANALYSIS = YES;
				CLANG_WARN_STRICT_PROTOTYPES = YES;
				CLANG_WARN_SUSPICIOUS_MOVE = YES;
				CLANG_WARN_UNGUARDED_AVAILABILITY = YES_AGGRESSIVE;
				CLANG_WARN_UNREACHABLE_CODE = YES;
				CLANG_WARN__DUPLICATE_METHOD_MATCH = YES;
				COPY_PHASE_STRIP = NO;
				DEBUG_INFORMATION_FORMAT = "dwarf-with-dsym";
				DEVELOPMENT_TEAM = KXSWJN7WY8;
				ENABLE_NS_ASSERTIONS = NO;
				ENABLE_STRICT_OBJC_MSGSEND = YES;
				GCC_C_LANGUAGE_STANDARD = gnu11;
				GCC_NO_COMMON_BLOCKS = YES;
				GCC_WARN_64_TO_32_BIT_CONVERSION = YES;
				GCC_WARN_ABOUT_RETURN_TYPE = YES_ERROR;
				GCC_WARN_UNDECLARED_SELECTOR = YES;
				GCC_WARN_UNINITIALIZED_AUTOS = YES_AGGRESSIVE;
				GCC_WARN_UNUSED_FUNCTION = YES;
				GCC_WARN_UNUSED_VARIABLE = YES;
				IPHONEOS_DEPLOYMENT_TARGET = 26.0;
				MTL_ENABLE_DEBUG_INFO = NO;
				MTL_FAST_MATH = YES;
				PRODUCT_NAME = "$(TARGET_NAME)";
				SDKROOT = iphoneos;
				SWIFT_COMPILATION_MODE = wholemodule;
				SWIFT_OPTIMIZATION_LEVEL = "-O";
				SWIFT_VERSION = 6.0;
			};
			name = Release;
		};
		25996E5D1FF475A9A636F59E /* Debug */ = {
			isa = XCBuildConfiguration;
			buildSettings = {
				ALWAYS_SEARCH_USER_PATHS = NO;
				CLANG_ANALYZER_NONNULL = YES;
				CLANG_ANALYZER_NUMBER_OBJECT_CONVERSION = YES_AGGRESSIVE;
				CLANG_CXX_LANGUAGE_STANDARD = "gnu++14";
				CLANG_CXX_LIBRARY = "libc++";
				CLANG_ENABLE_MODULES = YES;
				CLANG_ENABLE_OBJC_ARC = YES;
				CLANG_ENABLE_OBJC_WEAK = YES;
				CLANG_WARN_BLOCK_CAPTURE_AUTORELEASING = YES;
				CLANG_WARN_BOOL_CONVERSION = YES;
				CLANG_WARN_COMMA = YES;
				CLANG_WARN_CONSTANT_CONVERSION = YES;
				CLANG_WARN_DEPRECATED_OBJC_IMPLEMENTATIONS = YES;
				CLANG_WARN_DIRECT_OBJC_ISA_USAGE = YES_ERROR;
				CLANG_WARN_DOCUMENTATION_COMMENTS = YES;
				CLANG_WARN_EMPTY_BODY = YES;
				CLANG_WARN_ENUM_CONVERSION = YES;
				CLANG_WARN_INFINITE_RECURSION = YES;
				CLANG_WARN_INT_CONVERSION = YES;
				CLANG_WARN_NON_LITERAL_NULL_CONVERSION = YES;
				CLANG_WARN_OBJC_IMPLICIT_RETAIN_SELF = YES;
				CLANG_WARN_OBJC_LITERAL_CONVERSION = YES;
				CLANG_WARN_OBJC_ROOT_CLASS = YES_ERROR;
				CLANG_WARN_QUOTED_INCLUDE_IN_FRAMEWORK_HEADER = YES;
				CLANG_WARN_RANGE_LOOP_ANALYSIS = YES;
				CLANG_WARN_STRICT_PROTOTYPES = YES;
				CLANG_WARN_SUSPICIOUS_MOVE = YES;
				CLANG_WARN_UNGUARDED_AVAILABILITY = YES_AGGRESSIVE;
				CLANG_WARN_UNREACHABLE_CODE = YES;
				CLANG_WARN__DUPLICATE_METHOD_MATCH = YES;
				COPY_PHASE_STRIP = NO;
				DEBUG_INFORMATION_FORMAT = dwarf;
				DEVELOPMENT_TEAM = KXSWJN7WY8;
				ENABLE_STRICT_OBJC_MSGSEND = YES;
				ENABLE_TESTABILITY = YES;
				GCC_C_LANGUAGE_STANDARD = gnu11;
				GCC_DYNAMIC_NO_PIC = NO;
				GCC_NO_COMMON_BLOCKS = YES;
				GCC_OPTIMIZATION_LEVEL = 0;
				GCC_PREPROCESSOR_DEFINITIONS = (
					"$(inherited)",
					"DEBUG=1",
				);
				GCC_WARN_64_TO_32_BIT_CONVERSION = YES;
				GCC_WARN_ABOUT_RETURN_TYPE = YES_ERROR;
				GCC_WARN_UNDECLARED_SELECTOR = YES;
				GCC_WARN_UNINITIALIZED_AUTOS = YES_AGGRESSIVE;
				GCC_WARN_UNUSED_FUNCTION = YES;
				GCC_WARN_UNUSED_VARIABLE = YES;
				IPHONEOS_DEPLOYMENT_TARGET = 26.0;
				MTL_ENABLE_DEBUG_INFO = INCLUDE_SOURCE;
				MTL_FAST_MATH = YES;
				ONLY_ACTIVE_ARCH = YES;
				PRODUCT_NAME = "$(TARGET_NAME)";
				SDKROOT = iphoneos;
				SWIFT_ACTIVE_COMPILATION_CONDITIONS = DEBUG;
				SWIFT_OPTIMIZATION_LEVEL = "-Onone";
				SWIFT_VERSION = 6.0;
			};
			name = Debug;
		};
		9CCA0CCC3AD9D06F693A6615 /* Release */ = {
			isa = XCBuildConfiguration;
			buildSettings = {
				BUNDLE_LOADER = "$(TEST_HOST)";
				GENERATE_INFOPLIST_FILE = YES;
				LD_RUNPATH_SEARCH_PATHS = (
					"$(inherited)",
					"@executable_path/Frameworks",
					"@loader_path/Frameworks",
				);
				PRODUCT_BUNDLE_IDENTIFIER = io.aomi.AomiTests;
				SDKROOT = iphoneos;
				TARGETED_DEVICE_FAMILY = "1,2";
				TEST_HOST = "$(BUILT_PRODUCTS_DIR)/Aomi.app/Aomi";
			};
			name = Release;
		};
		9E1A96B7004E1494871D1A56 /* Debug */ = {
			isa = XCBuildConfiguration;
			buildSettings = {
				BUNDLE_LOADER = "$(TEST_HOST)";
				GENERATE_INFOPLIST_FILE = YES;
				LD_RUNPATH_SEARCH_PATHS = (
					"$(inherited)",
					"@executable_path/Frameworks",
					"@loader_path/Frameworks",
				);
				PRODUCT_BUNDLE_IDENTIFIER = io.aomi.AomiTests;
				SDKROOT = iphoneos;
				TARGETED_DEVICE_FAMILY = "1,2";
				TEST_HOST = "$(BUILT_PRODUCTS_DIR)/Aomi.app/Aomi";
			};
			name = Debug;
		};
		E709CD8F27914BE710542271 /* Release */ = {
			isa = XCBuildConfiguration;
			buildSettings = {
				ASSETCATALOG_COMPILER_APPICON_NAME = AppIcon;
				CODE_SIGN_ENTITLEMENTS = Aomi/Aomi.entitlements;
				CODE_SIGN_IDENTITY = "iPhone Distribution";
				CURRENT_PROJECT_VERSION = 9;
				GENERATE_INFOPLIST_FILE = NO;
				INFOPLIST_FILE = Aomi/Info.plist;
				LD_RUNPATH_SEARCH_PATHS = (
					"$(inherited)",
					"@executable_path/Frameworks",
				);
				MARKETING_VERSION = 1.0.0;
				PRODUCT_BUNDLE_IDENTIFIER = io.aomi.Aomi;
				PROVISIONING_PROFILE_SPECIFIER = "Aomi Dist";
				SDKROOT = iphoneos;
				TARGETED_DEVICE_FAMILY = "1,2";
			};
			name = Release;
		};
		FBB05B8CFC9BF1EB051DBDDA /* Debug */ = {
			isa = XCBuildConfiguration;
			buildSettings = {
				ASSETCATALOG_COMPILER_APPICON_NAME = AppIcon;
				CODE_SIGN_ENTITLEMENTS = Aomi/Aomi.entitlements;
				CODE_SIGN_IDENTITY = "iPhone Developer";
				CURRENT_PROJECT_VERSION = 9;
				GENERATE_INFOPLIST_FILE = NO;
				INFOPLIST_FILE = Aomi/Info.plist;
				LD_RUNPATH_SEARCH_PATHS = (
					"$(inherited)",
					"@executable_path/Frameworks",
				);
				MARKETING_VERSION = 1.0.0;
				PRODUCT_BUNDLE_IDENTIFIER = io.aomi.Aomi;
				SDKROOT = iphoneos;
				TARGETED_DEVICE_FAMILY = "1,2";
			};
			name = Debug;
		};
/* End XCBuildConfiguration section */

/* Begin XCConfigurationList section */
		3590D54D1BC17724875E54B1 /* Build configuration list for PBXNativeTarget "AomiTests" */ = {
			isa = XCConfigurationList;
			buildConfigurations = (
				9E1A96B7004E1494871D1A56 /* Debug */,
				9CCA0CCC3AD9D06F693A6615 /* Release */,
			);
			defaultConfigurationIsVisible = 0;
			defaultConfigurationName = Debug;
		};
		7C9D3EEFF0F8DFCABCB793D5 /* Build configuration list for PBXNativeTarget "Aomi" */ = {
			isa = XCConfigurationList;
			buildConfigurations = (
				FBB05B8CFC9BF1EB051DBDDA /* Debug */,
				E709CD8F27914BE710542271 /* Release */,
			);
			defaultConfigurationIsVisible = 0;
			defaultConfigurationName = Debug;
		};
		BD304DD0F0904BB3E33F81FB /* Build configuration list for PBXProject "Aomi" */ = {
			isa = XCConfigurationList;
			buildConfigurations = (
				25996E5D1FF475A9A636F59E /* Debug */,
				002330F13F93FC576D7C72EC /* Release */,
			);
			defaultConfigurationIsVisible = 0;
			defaultConfigurationName = Debug;
		};
/* End XCConfigurationList section */

/* Begin XCRemoteSwiftPackageReference section */
		85B7D3B65611CD5401E2E40E /* XCRemoteSwiftPackageReference "swift-sdk" */ = {
			isa = XCRemoteSwiftPackageReference;
			repositoryURL = "https://github.com/getpara/swift-sdk";
			requirement = {
				kind = exactVersion;
				version = 2.6.0;
			};
		};
		EB2D71CA180C925F326A7EA4 /* XCRemoteSwiftPackageReference "swift-markdown-ui" */ = {
			isa = XCRemoteSwiftPackageReference;
			repositoryURL = "https://github.com/gonzalezreal/swift-markdown-ui";
			requirement = {
				kind = upToNextMajorVersion;
				minimumVersion = 2.4.0;
			};
		};
/* End XCRemoteSwiftPackageReference section */

/* Begin XCSwiftPackageProductDependency section */
		65AD6AC37F9834BA3FEEFA8B /* ParaSwift */ = {
			isa = XCSwiftPackageProductDependency;
			package = 85B7D3B65611CD5401E2E40E /* XCRemoteSwiftPackageReference "swift-sdk" */;
			productName = ParaSwift;
		};
		B18EF27C0031907FFA251AB6 /* MarkdownUI */ = {
			isa = XCSwiftPackageProductDependency;
			package = EB2D71CA180C925F326A7EA4 /* XCRemoteSwiftPackageReference "swift-markdown-ui" */;
			productName = MarkdownUI;
		};
/* End XCSwiftPackageProductDependency section */
	};
	rootObject = E8C3B0D189870EEBA3D9EBE4 /* Project object */;
}
